
Microsoft Visual Studio Solution File, Format Version 12.00
# Visual Studio Version 16
VisualStudioVersion = 16.0.30804.86
MinimumVisualStudioVersion = 10.0.40219.1
Project("{FAE04EC0-301F-11D3-BF4B-00C04F79EFBC}") = "TekCiftListeleme", "TekCiftListeleme\TekCiftListeleme.csproj", "{2D2C9A5E-52F8-445B-90DF-B8AE6E1E3828}"
EndProject
Global
	GlobalSection(SolutionConfigurationPlatforms) = preSolution
		Debug|Any CPU = Debug|Any CPU
		Release|Any CPU = Release|Any CPU
	EndGlobalSection
	GlobalSection(ProjectConfigurationPlatforms) = postSolution
		{2D2C9A5E-52F8-445B-90DF-B8AE6E1E3828}.Debug|Any CPU.ActiveCfg = Debug|Any CPU
		{2D2C9A5E-52F8-445B-90DF-B8AE6E1E3828}.Debug|Any CPU.Build.0 = Debug|Any CPU
		{2D2C9A5E-52F8-445B-90DF-B8AE6E1E3828}.Release|Any CPU.ActiveCfg = Release|Any CPU
		{2D2C9A5E-52F8-445B-90DF-B8AE6E1E3828}.Release|Any CPU.Build.0 = Release|Any CPU
	EndGlobalSection
	GlobalSection(SolutionProperties) = preSolution
		HideSolutionNode = FALSE
	EndGlobalSection
	GlobalSection(ExtensibilityGlobals) = postSolution
		SolutionGuid = {CCD601CC-5CD9-4A47-9C0E-6E66B0E64783}
	EndGlobalSection
EndGlobal
