
Microsoft Visual Studio Solution File, Format Version 12.00
# Visual Studio Version 16
VisualStudioVersion = 16.0.30804.86
MinimumVisualStudioVersion = 10.0.40219.1
Project("{FAE04EC0-301F-11D3-BF4B-00C04F79EFBC}") = "IsimListesi", "IsimListesi\IsimListesi.csproj", "{A0514023-ABD9-4E42-AC05-F2FE9C215378}"
EndProject
Global
	GlobalSection(SolutionConfigurationPlatforms) = preSolution
		Debug|Any CPU = Debug|Any CPU
		Release|Any CPU = Release|Any CPU
	EndGlobalSection
	GlobalSection(ProjectConfigurationPlatforms) = postSolution
		{A0514023-ABD9-4E42-AC05-F2FE9C215378}.Debug|Any CPU.ActiveCfg = Debug|Any CPU
		{A0514023-ABD9-4E42-AC05-F2FE9C215378}.Debug|Any CPU.Build.0 = Debug|Any CPU
		{A0514023-ABD9-4E42-AC05-F2FE9C215378}.Release|Any CPU.ActiveCfg = Release|Any CPU
		{A0514023-ABD9-4E42-AC05-F2FE9C215378}.Release|Any CPU.Build.0 = Release|Any CPU
	EndGlobalSection
	GlobalSection(SolutionProperties) = preSolution
		HideSolutionNode = FALSE
	EndGlobalSection
	GlobalSection(ExtensibilityGlobals) = postSolution
		SolutionGuid = {47D8E027-29A8-40AF-9CCF-5B3A968B17BA}
	EndGlobalSection
EndGlobal
