
Microsoft Visual Studio Solution File, Format Version 12.00
# Visual Studio Version 16
VisualStudioVersion = 16.0.28803.452
MinimumVisualStudioVersion = 10.0.40219.1
Project("{FAE04EC0-301F-11D3-BF4B-00C04F79EFBC}") = "GizleGoster", "GizleGoster\GizleGoster.csproj", "{B650C66B-D52D-49F2-AFC6-618089A2D26E}"
EndProject
Global
	GlobalSection(SolutionConfigurationPlatforms) = preSolution
		Debug|Any CPU = Debug|Any CPU
		Release|Any CPU = Release|Any CPU
	EndGlobalSection
	GlobalSection(ProjectConfigurationPlatforms) = postSolution
		{B650C66B-D52D-49F2-AFC6-618089A2D26E}.Debug|Any CPU.ActiveCfg = Debug|Any CPU
		{B650C66B-D52D-49F2-AFC6-618089A2D26E}.Debug|Any CPU.Build.0 = Debug|Any CPU
		{B650C66B-D52D-49F2-AFC6-618089A2D26E}.Release|Any CPU.ActiveCfg = Release|Any CPU
		{B650C66B-D52D-49F2-AFC6-618089A2D26E}.Release|Any CPU.Build.0 = Release|Any CPU
	EndGlobalSection
	GlobalSection(SolutionProperties) = preSolution
		HideSolutionNode = FALSE
	EndGlobalSection
	GlobalSection(ExtensibilityGlobals) = postSolution
		SolutionGuid = {D0CE248D-788F-4F4B-9724-FC7E01E5B266}
	EndGlobalSection
EndGlobal
