
Microsoft Visual Studio Solution File, Format Version 12.00
# Visual Studio Version 16
VisualStudioVersion = 16.0.28803.452
MinimumVisualStudioVersion = 10.0.40219.1
Project("{FAE04EC0-301F-11D3-BF4B-00C04F79EFBC}") = "TekCiftOrtalamasi", "TekCiftOrtalamasi\TekCiftOrtalamasi.csproj", "{DD966F67-5E9A-4342-9426-DE455D3A56EE}"
EndProject
Global
	GlobalSection(SolutionConfigurationPlatforms) = preSolution
		Debug|Any CPU = Debug|Any CPU
		Release|Any CPU = Release|Any CPU
	EndGlobalSection
	GlobalSection(ProjectConfigurationPlatforms) = postSolution
		{DD966F67-5E9A-4342-9426-DE455D3A56EE}.Debug|Any CPU.ActiveCfg = Debug|Any CPU
		{DD966F67-5E9A-4342-9426-DE455D3A56EE}.Debug|Any CPU.Build.0 = Debug|Any CPU
		{DD966F67-5E9A-4342-9426-DE455D3A56EE}.Release|Any CPU.ActiveCfg = Release|Any CPU
		{DD966F67-5E9A-4342-9426-DE455D3A56EE}.Release|Any CPU.Build.0 = Release|Any CPU
	EndGlobalSection
	GlobalSection(SolutionProperties) = preSolution
		HideSolutionNode = FALSE
	EndGlobalSection
	GlobalSection(ExtensibilityGlobals) = postSolution
		SolutionGuid = {E43CF412-B1F3-44AB-8E3F-F68F38943F5D}
	EndGlobalSection
EndGlobal
