
Microsoft Visual Studio Solution File, Format Version 12.00
# Visual Studio Version 16
VisualStudioVersion = 16.0.30804.86
MinimumVisualStudioVersion = 10.0.40219.1
Project("{FAE04EC0-301F-11D3-BF4B-00C04F79EFBC}") = "Dongu", "Dongu\Dongu.csproj", "{8DE30F63-8770-47C4-9A89-ADD92561B488}"
EndProject
Global
	GlobalSection(SolutionConfigurationPlatforms) = preSolution
		Debug|Any CPU = Debug|Any CPU
		Release|Any CPU = Release|Any CPU
	EndGlobalSection
	GlobalSection(ProjectConfigurationPlatforms) = postSolution
		{8DE30F63-8770-47C4-9A89-ADD92561B488}.Debug|Any CPU.ActiveCfg = Debug|Any CPU
		{8DE30F63-8770-47C4-9A89-ADD92561B488}.Debug|Any CPU.Build.0 = Debug|Any CPU
		{8DE30F63-8770-47C4-9A89-ADD92561B488}.Release|Any CPU.ActiveCfg = Release|Any CPU
		{8DE30F63-8770-47C4-9A89-ADD92561B488}.Release|Any CPU.Build.0 = Release|Any CPU
	EndGlobalSection
	GlobalSection(SolutionProperties) = preSolution
		HideSolutionNode = FALSE
	EndGlobalSection
	GlobalSection(ExtensibilityGlobals) = postSolution
		SolutionGuid = {4C3F26CD-F0B9-483F-BB61-2C136A41A496}
	EndGlobalSection
EndGlobal
