
Microsoft Visual Studio Solution File, Format Version 12.00
# Visual Studio Version 16
VisualStudioVersion = 16.0.30804.86
MinimumVisualStudioVersion = 10.0.40219.1
Project("{FAE04EC0-301F-11D3-BF4B-00C04F79EFBC}") = "PlakaSehirSorusu", "PlakaSehirSorusu\PlakaSehirSorusu.csproj", "{0B0F886F-C4D4-4F57-A9D2-82B0B6C40B30}"
EndProject
Global
	GlobalSection(SolutionConfigurationPlatforms) = preSolution
		Debug|Any CPU = Debug|Any CPU
		Release|Any CPU = Release|Any CPU
	EndGlobalSection
	GlobalSection(ProjectConfigurationPlatforms) = postSolution
		{0B0F886F-C4D4-4F57-A9D2-82B0B6C40B30}.Debug|Any CPU.ActiveCfg = Debug|Any CPU
		{0B0F886F-C4D4-4F57-A9D2-82B0B6C40B30}.Debug|Any CPU.Build.0 = Debug|Any CPU
		{0B0F886F-C4D4-4F57-A9D2-82B0B6C40B30}.Release|Any CPU.ActiveCfg = Release|Any CPU
		{0B0F886F-C4D4-4F57-A9D2-82B0B6C40B30}.Release|Any CPU.Build.0 = Release|Any CPU
	EndGlobalSection
	GlobalSection(SolutionProperties) = preSolution
		HideSolutionNode = FALSE
	EndGlobalSection
	GlobalSection(ExtensibilityGlobals) = postSolution
		SolutionGuid = {5D331CAD-5226-4831-8253-3C75F3000725}
	EndGlobalSection
EndGlobal
