
Microsoft Visual Studio Solution File, Format Version 12.00
# Visual Studio Version 16
VisualStudioVersion = 16.0.28803.452
MinimumVisualStudioVersion = 10.0.40219.1
Project("{FAE04EC0-301F-11D3-BF4B-00C04F79EFBC}") = "Toplama", "Toplama\Toplama.csproj", "{D1B66960-5DC9-4CA3-944D-B7D35E3CC45D}"
EndProject
Global
	GlobalSection(SolutionConfigurationPlatforms) = preSolution
		Debug|Any CPU = Debug|Any CPU
		Release|Any CPU = Release|Any CPU
	EndGlobalSection
	GlobalSection(ProjectConfigurationPlatforms) = postSolution
		{D1B66960-5DC9-4CA3-944D-B7D35E3CC45D}.Debug|Any CPU.ActiveCfg = Debug|Any CPU
		{D1B66960-5DC9-4CA3-944D-B7D35E3CC45D}.Debug|Any CPU.Build.0 = Debug|Any CPU
		{D1B66960-5DC9-4CA3-944D-B7D35E3CC45D}.Release|Any CPU.ActiveCfg = Release|Any CPU
		{D1B66960-5DC9-4CA3-944D-B7D35E3CC45D}.Release|Any CPU.Build.0 = Release|Any CPU
	EndGlobalSection
	GlobalSection(SolutionProperties) = preSolution
		HideSolutionNode = FALSE
	EndGlobalSection
	GlobalSection(ExtensibilityGlobals) = postSolution
		SolutionGuid = {721833FD-86C2-4BCC-9714-CA52AB1DA684}
	EndGlobalSection
EndGlobal
