
Microsoft Visual Studio Solution File, Format Version 12.00
# Visual Studio Version 16
VisualStudioVersion = 16.0.30804.86
MinimumVisualStudioVersion = 10.0.40219.1
Project("{FAE04EC0-301F-11D3-BF4B-00C04F79EFBC}") = "SayiTahmin", "SayiTahmin\SayiTahmin.csproj", "{07D1A370-0383-425B-8783-3E2DC1BB658E}"
EndProject
Global
	GlobalSection(SolutionConfigurationPlatforms) = preSolution
		Debug|Any CPU = Debug|Any CPU
		Release|Any CPU = Release|Any CPU
	EndGlobalSection
	GlobalSection(ProjectConfigurationPlatforms) = postSolution
		{07D1A370-0383-425B-8783-3E2DC1BB658E}.Debug|Any CPU.ActiveCfg = Debug|Any CPU
		{07D1A370-0383-425B-8783-3E2DC1BB658E}.Debug|Any CPU.Build.0 = Debug|Any CPU
		{07D1A370-0383-425B-8783-3E2DC1BB658E}.Release|Any CPU.ActiveCfg = Release|Any CPU
		{07D1A370-0383-425B-8783-3E2DC1BB658E}.Release|Any CPU.Build.0 = Release|Any CPU
	EndGlobalSection
	GlobalSection(SolutionProperties) = preSolution
		HideSolutionNode = FALSE
	EndGlobalSection
	GlobalSection(ExtensibilityGlobals) = postSolution
		SolutionGuid = {050BBCA9-2735-42C8-9206-2E9E272CD0A9}
	EndGlobalSection
EndGlobal
